
Microsoft Visual Studio Solution File, Format Version 12.00
# Visual Studio Version 16
VisualStudioVersion = 16.0.30711.63
MinimumVisualStudioVersion = 10.0.40219.1
Project("{FAE04EC0-301F-11D3-BF4B-00C04F79EFBC}") = "MemeShark.WPF", "MemeShark.WPF\MemeShark.WPF.csproj", "{F641A32C-53FA-49EC-B01F-F9BAB59C0C40}"
EndProject
Project("{FAE04EC0-301F-11D3-BF4B-00C04F79EFBC}") = "MemeShark.Core", "MemeShark.Core\MemeShark.Core.csproj", "{3553DA7B-A23D-4EE2-905A-2C3A6677E6FE}"
EndProject
Project("{FAE04EC0-301F-11D3-BF4B-00C04F79EFBC}") = "MemeShark.Tests", "MemeShark.Tests\MemeShark.Tests.csproj", "{0DDE7471-6B58-48C8-94CC-69CC36BBF438}"
EndProject
Global
	GlobalSection(SolutionConfigurationPlatforms) = preSolution
		Debug|Any CPU = Debug|Any CPU
		Release|Any CPU = Release|Any CPU
	EndGlobalSection
	GlobalSection(ProjectConfigurationPlatforms) = postSolution
		{F641A32C-53FA-49EC-B01F-F9BAB59C0C40}.Debug|Any CPU.ActiveCfg = Debug|Any CPU
		{F641A32C-53FA-49EC-B01F-F9BAB59C0C40}.Debug|Any CPU.Build.0 = Debug|Any CPU
		{F641A32C-53FA-49EC-B01F-F9BAB59C0C40}.Release|Any CPU.ActiveCfg = Release|Any CPU
		{F641A32C-53FA-49EC-B01F-F9BAB59C0C40}.Release|Any CPU.Build.0 = Release|Any CPU
		{3553DA7B-A23D-4EE2-905A-2C3A6677E6FE}.Debug|Any CPU.ActiveCfg = Debug|Any CPU
		{3553DA7B-A23D-4EE2-905A-2C3A6677E6FE}.Debug|Any CPU.Build.0 = Debug|Any CPU
		{3553DA7B-A23D-4EE2-905A-2C3A6677E6FE}.Release|Any CPU.ActiveCfg = Release|Any CPU
		{3553DA7B-A23D-4EE2-905A-2C3A6677E6FE}.Release|Any CPU.Build.0 = Release|Any CPU
		{0DDE7471-6B58-48C8-94CC-69CC36BBF438}.Debug|Any CPU.ActiveCfg = Debug|Any CPU
		{0DDE7471-6B58-48C8-94CC-69CC36BBF438}.Debug|Any CPU.Build.0 = Debug|Any CPU
		{0DDE7471-6B58-48C8-94CC-69CC36BBF438}.Release|Any CPU.ActiveCfg = Release|Any CPU
		{0DDE7471-6B58-48C8-94CC-69CC36BBF438}.Release|Any CPU.Build.0 = Release|Any CPU
	EndGlobalSection
	GlobalSection(SolutionProperties) = preSolution
		HideSolutionNode = FALSE
	EndGlobalSection
	GlobalSection(ExtensibilityGlobals) = postSolution
		SolutionGuid = {08216595-A1CD-4973-B2BE-CB6D3DD06165}
	EndGlobalSection
EndGlobal
